// !$*UTF8*$!
{
	archiveVersion = 1;
	classes = {
	};
	objectVersion = 48;
	objects = {

/* Begin PBXBuildFile section */
		6903F4F0200A55D000E9B051 /* Tweet.swift in Sources */ = {isa = PBXBuildFile; fileRef = 6903F4EF200A55D000E9B051 /* Tweet.swift */; };
		6903F4F2200A573900E9B051 /* APITwitterDelegate.swift in Sources */ = {isa = PBXBuildFile; fileRef = 6903F4F1200A573900E9B051 /* APITwitterDelegate.swift */; };
		6903F4F4200A9B0900E9B051 /* TweetCell.swift in Sources */ = {isa = PBXBuildFile; fileRef = 6903F4F3200A9B0900E9B051 /* TweetCell.swift */; };
		6940B7B220094DB30086A06A /* AppDelegate.swift in Sources */ = {isa = PBXBuildFile; fileRef = 6940B7B120094DB30086A06A /* AppDelegate.swift */; };
		6940B7B420094DB30086A06A /* ViewController.swift in Sources */ = {isa = PBXBuildFile; fileRef = 6940B7B320094DB30086A06A /* ViewController.swift */; };
		6940B7B720094DB30086A06A /* Main.storyboard in Resources */ = {isa = PBXBuildFile; fileRef = 6940B7B520094DB30086A06A /* Main.storyboard */; };
		6940B7B920094DB30086A06A /* Assets.xcassets in Resources */ = {isa = PBXBuildFile; fileRef = 6940B7B820094DB30086A06A /* Assets.xcassets */; };
		6940B7BC20094DB30086A06A /* LaunchScreen.storyboard in Resources */ = {isa = PBXBuildFile; fileRef = 6940B7BA20094DB30086A06A /* LaunchScreen.storyboard */; };
		6940B7C720094DB30086A06A /* d04Tests.swift in Sources */ = {isa = PBXBuildFile; fileRef = 6940B7C620094DB30086A06A /* d04Tests.swift */; };
		6940B7D220094DB30086A06A /* d04UITests.swift in Sources */ = {isa = PBXBuildFile; fileRef = 6940B7D120094DB30086A06A /* d04UITests.swift */; };
		6940B7E02009565C0086A06A /* APIController.swift in Sources */ = {isa = PBXBuildFile; fileRef = 6940B7DF2009565C0086A06A /* APIController.swift */; };
/* End PBXBuildFile section */

/* Begin PBXContainerItemProxy section */
		6940B7C320094DB30086A06A /* PBXContainerItemProxy */ = {
			isa = PBXContainerItemProxy;
			containerPortal = 6940B7A620094DB30086A06A /* Project object */;
			proxyType = 1;
			remoteGlobalIDString = 6940B7AD20094DB30086A06A;
			remoteInfo = d04;
		};
		6940B7CE20094DB30086A06A /* PBXContainerItemProxy */ = {
			isa = PBXContainerItemProxy;
			containerPortal = 6940B7A620094DB30086A06A /* Project object */;
			proxyType = 1;
			remoteGlobalIDString = 6940B7AD20094DB30086A06A;
			remoteInfo = d04;
		};
/* End PBXContainerItemProxy section */

/* Begin PBXFileReference section */
		6903F4EF200A55D000E9B051 /* Tweet.swift */ = {isa = PBXFileReference; lastKnownFileType = sourcecode.swift; path = Tweet.swift; sourceTree = "<group>"; };
		6903F4F1200A573900E9B051 /* APITwitterDelegate.swift */ = {isa = PBXFileReference; lastKnownFileType = sourcecode.swift; path = APITwitterDelegate.swift; sourceTree = "<group>"; };
		6903F4F3200A9B0900E9B051 /* TweetCell.swift */ = {isa = PBXFileReference; lastKnownFileType = sourcecode.swift; path = TweetCell.swift; sourceTree = "<group>"; };
		6940B7AE20094DB30086A06A /* d04.app */ = {isa = PBXFileReference; explicitFileType = wrapper.application; includeInIndex = 0; path = d04.app; sourceTree = BUILT_PRODUCTS_DIR; };
		6940B7B120094DB30086A06A /* AppDelegate.swift */ = {isa = PBXFileReference; lastKnownFileType = sourcecode.swift; path = AppDelegate.swift; sourceTree = "<group>"; };
		6940B7B320094DB30086A06A /* ViewController.swift */ = {isa = PBXFileReference; lastKnownFileType = sourcecode.swift; path = ViewController.swift; sourceTree = "<group>"; };
		6940B7B620094DB30086A06A /* Base */ = {isa = PBXFileReference; lastKnownFileType = file.storyboard; name = Base; path = Base.lproj/Main.storyboard; sourceTree = "<group>"; };
		6940B7B820094DB30086A06A /* Assets.xcassets */ = {isa = PBXFileReference; lastKnownFileType = folder.assetcatalog; path = Assets.xcassets; sourceTree = "<group>"; };
		6940B7BB20094DB30086A06A /* Base */ = {isa = PBXFileReference; lastKnownFileType = file.storyboard; name = Base; path = Base.lproj/LaunchScreen.storyboard; sourceTree = "<group>"; };
		6940B7BD20094DB30086A06A /* Info.plist */ = {isa = PBXFileReference; lastKnownFileType = text.plist.xml; path = Info.plist; sourceTree = "<group>"; };
		6940B7C220094DB30086A06A /* d04Tests.xctest */ = {isa = PBXFileReference; explicitFileType = wrapper.cfbundle; includeInIndex = 0; path = d04Tests.xctest; sourceTree = BUILT_PRODUCTS_DIR; };
		6940B7C620094DB30086A06A /* d04Tests.swift */ = {isa = PBXFileReference; lastKnownFileType = sourcecode.swift; path = d04Tests.swift; sourceTree = "<group>"; };
		6940B7C820094DB30086A06A /* Info.plist */ = {isa = PBXFileReference; lastKnownFileType = text.plist.xml; path = Info.plist; sourceTree = "<group>"; };
		6940B7CD20094DB30086A06A /* d04UITests.xctest */ = {isa = PBXFileReference; explicitFileType = wrapper.cfbundle; includeInIndex = 0; path = d04UITests.xctest; sourceTree = BUILT_PRODUCTS_DIR; };
		6940B7D120094DB30086A06A /* d04UITests.swift */ = {isa = PBXFileReference; lastKnownFileType = sourcecode.swift; path = d04UITests.swift; sourceTree = "<group>"; };
		6940B7D320094DB30086A06A /* Info.plist */ = {isa = PBXFileReference; lastKnownFileType = text.plist.xml; path = Info.plist; sourceTree = "<group>"; };
		6940B7DF2009565C0086A06A /* APIController.swift */ = {isa = PBXFileReference; lastKnownFileType = sourcecode.swift; path = APIController.swift; sourceTree = "<group>"; };
/* End PBXFileReference section */

/* Begin PBXFrameworksBuildPhase section */
		6940B7AB20094DB30086A06A /* Frameworks */ = {
			isa = PBXFrameworksBuildPhase;
			buildActionMask = 2147483647;
			files = (
			);
			runOnlyForDeploymentPostprocessing = 0;
		};
		6940B7BF20094DB30086A06A /* Frameworks */ = {
			isa = PBXFrameworksBuildPhase;
			buildActionMask = 2147483647;
			files = (
			);
			runOnlyForDeploymentPostprocessing = 0;
		};
		6940B7CA20094DB30086A06A /* Frameworks */ = {
			isa = PBXFrameworksBuildPhase;
			buildActionMask = 2147483647;
			files = (
			);
			runOnlyForDeploymentPostprocessing = 0;
		};
/* End PBXFrameworksBuildPhase section */

/* Begin PBXGroup section */
		6940B7A520094DB30086A06A = {
			isa = PBXGroup;
			children = (
				6940B7B020094DB30086A06A /* d04 */,
				6940B7C520094DB30086A06A /* d04Tests */,
				6940B7D020094DB30086A06A /* d04UITests */,
				6940B7AF20094DB30086A06A /* Products */,
			);
			sourceTree = "<group>";
		};
		6940B7AF20094DB30086A06A /* Products */ = {
			isa = PBXGroup;
			children = (
				6940B7AE20094DB30086A06A /* d04.app */,
				6940B7C220094DB30086A06A /* d04Tests.xctest */,
				6940B7CD20094DB30086A06A /* d04UITests.xctest */,
			);
			name = Products;
			sourceTree = "<group>";
		};
		6940B7B020094DB30086A06A /* d04 */ = {
			isa = PBXGroup;
			children = (
				6940B7B120094DB30086A06A /* AppDelegate.swift */,
				6940B7B320094DB30086A06A /* ViewController.swift */,
				6940B7B520094DB30086A06A /* Main.storyboard */,
				6940B7B820094DB30086A06A /* Assets.xcassets */,
				6940B7BA20094DB30086A06A /* LaunchScreen.storyboard */,
				6940B7BD20094DB30086A06A /* Info.plist */,
				6940B7DF2009565C0086A06A /* APIController.swift */,
				6903F4EF200A55D000E9B051 /* Tweet.swift */,
				6903F4F1200A573900E9B051 /* APITwitterDelegate.swift */,
				6903F4F3200A9B0900E9B051 /* TweetCell.swift */,
			);
			path = d04;
			sourceTree = "<group>";
		};
		6940B7C520094DB30086A06A /* d04Tests */ = {
			isa = PBXGroup;
			children = (
				6940B7C620094DB30086A06A /* d04Tests.swift */,
				6940B7C820094DB30086A06A /* Info.plist */,
			);
			path = d04Tests;
			sourceTree = "<group>";
		};
		6940B7D020094DB30086A06A /* d04UITests */ = {
			isa = PBXGroup;
			children = (
				6940B7D120094DB30086A06A /* d04UITests.swift */,
				6940B7D320094DB30086A06A /* Info.plist */,
			);
			path = d04UITests;
			sourceTree = "<group>";
		};
/* End PBXGroup section */

/* Begin PBXNativeTarget section */
		6940B7AD20094DB30086A06A /* d04 */ = {
			isa = PBXNativeTarget;
			buildConfigurationList = 6940B7D620094DB30086A06A /* Build configuration list for PBXNativeTarget "d04" */;
			buildPhases = (
				6940B7AA20094DB30086A06A /* Sources */,
				6940B7AB20094DB30086A06A /* Frameworks */,
				6940B7AC20094DB30086A06A /* Resources */,
			);
			buildRules = (
			);
			dependencies = (
			);
			name = d04;
			productName = d04;
			productReference = 6940B7AE20094DB30086A06A /* d04.app */;
			productType = "com.apple.product-type.application";
		};
		6940B7C120094DB30086A06A /* d04Tests */ = {
			isa = PBXNativeTarget;
			buildConfigurationList = 6940B7D920094DB30086A06A /* Build configuration list for PBXNativeTarget "d04Tests" */;
			buildPhases = (
				6940B7BE20094DB30086A06A /* Sources */,
				6940B7BF20094DB30086A06A /* Frameworks */,
				6940B7C020094DB30086A06A /* Resources */,
			);
			buildRules = (
			);
			dependencies = (
				6940B7C420094DB30086A06A /* PBXTargetDependency */,
			);
			name = d04Tests;
			productName = d04Tests;
			productReference = 6940B7C220094DB30086A06A /* d04Tests.xctest */;
			productType = "com.apple.product-type.bundle.unit-test";
		};
		6940B7CC20094DB30086A06A /* d04UITests */ = {
			isa = PBXNativeTarget;
			buildConfigurationList = 6940B7DC20094DB30086A06A /* Build configuration list for PBXNativeTarget "d04UITests" */;
			buildPhases = (
				6940B7C920094DB30086A06A /* Sources */,
				6940B7CA20094DB30086A06A /* Frameworks */,
				6940B7CB20094DB30086A06A /* Resources */,
			);
			buildRules = (
			);
			dependencies = (
				6940B7CF20094DB30086A06A /* PBXTargetDependency */,
			);
			name = d04UITests;
			productName = d04UITests;
			productReference = 6940B7CD20094DB30086A06A /* d04UITests.xctest */;
			productType = "com.apple.product-type.bundle.ui-testing";
		};
/* End PBXNativeTarget section */

/* Begin PBXProject section */
		6940B7A620094DB30086A06A /* Project object */ = {
			isa = PBXProject;
			attributes = {
				LastSwiftUpdateCheck = 0910;
				LastUpgradeCheck = 0910;
				ORGANIZATIONNAME = "Aymeric TOULOUSE";
				TargetAttributes = {
					6940B7AD20094DB30086A06A = {
						CreatedOnToolsVersion = 9.1;
						ProvisioningStyle = Automatic;
					};
					6940B7C120094DB30086A06A = {
						CreatedOnToolsVersion = 9.1;
						ProvisioningStyle = Automatic;
						TestTargetID = 6940B7AD20094DB30086A06A;
					};
					6940B7CC20094DB30086A06A = {
						CreatedOnToolsVersion = 9.1;
						ProvisioningStyle = Automatic;
						TestTargetID = 6940B7AD20094DB30086A06A;
					};
				};
			};
			buildConfigurationList = 6940B7A920094DB30086A06A /* Build configuration list for PBXProject "d04" */;
			compatibilityVersion = "Xcode 8.0";
			developmentRegion = en;
			hasScannedForEncodings = 0;
			knownRegions = (
				en,
				Base,
			);
			mainGroup = 6940B7A520094DB30086A06A;
			productRefGroup = 6940B7AF20094DB30086A06A /* Products */;
			projectDirPath = "";
			projectRoot = "";
			targets = (
				6940B7AD20094DB30086A06A /* d04 */,
				6940B7C120094DB30086A06A /* d04Tests */,
				6940B7CC20094DB30086A06A /* d04UITests */,
			);
		};
/* End PBXProject section */

/* Begin PBXResourcesBuildPhase section */
		6940B7AC20094DB30086A06A /* Resources */ = {
			isa = PBXResourcesBuildPhase;
			buildActionMask = 2147483647;
			files = (
				6940B7BC20094DB30086A06A /* LaunchScreen.storyboard in Resources */,
				6940B7B920094DB30086A06A /* Assets.xcassets in Resources */,
				6940B7B720094DB30086A06A /* Main.storyboard in Resources */,
			);
			runOnlyForDeploymentPostprocessing = 0;
		};
		6940B7C020094DB30086A06A /* Resources */ = {
			isa = PBXResourcesBuildPhase;
			buildActionMask = 2147483647;
			files = (
			);
			runOnlyForDeploymentPostprocessing = 0;
		};
		6940B7CB20094DB30086A06A /* Resources */ = {
			isa = PBXResourcesBuildPhase;
			buildActionMask = 2147483647;
			files = (
			);
			runOnlyForDeploymentPostprocessing = 0;
		};
/* End PBXResourcesBuildPhase section */

/* Begin PBXSourcesBuildPhase section */
		6940B7AA20094DB30086A06A /* Sources */ = {
			isa = PBXSourcesBuildPhase;
			buildActionMask = 2147483647;
			files = (
				6940B7B420094DB30086A06A /* ViewController.swift in Sources */,
				6940B7E02009565C0086A06A /* APIController.swift in Sources */,
				6940B7B220094DB30086A06A /* AppDelegate.swift in Sources */,
				6903F4F4200A9B0900E9B051 /* TweetCell.swift in Sources */,
				6903F4F2200A573900E9B051 /* APITwitterDelegate.swift in Sources */,
				6903F4F0200A55D000E9B051 /* Tweet.swift in Sources */,
			);
			runOnlyForDeploymentPostprocessing = 0;
		};
		6940B7BE20094DB30086A06A /* Sources */ = {
			isa = PBXSourcesBuildPhase;
			buildActionMask = 2147483647;
			files = (
				6940B7C720094DB30086A06A /* d04Tests.swift in Sources */,
			);
			runOnlyForDeploymentPostprocessing = 0;
		};
		6940B7C920094DB30086A06A /* Sources */ = {
			isa = PBXSourcesBuildPhase;
			buildActionMask = 2147483647;
			files = (
				6940B7D220094DB30086A06A /* d04UITests.swift in Sources */,
			);
			runOnlyForDeploymentPostprocessing = 0;
		};
/* End PBXSourcesBuildPhase section */

/* Begin PBXTargetDependency section */
		6940B7C420094DB30086A06A /* PBXTargetDependency */ = {
			isa = PBXTargetDependency;
			target = 6940B7AD20094DB30086A06A /* d04 */;
			targetProxy = 6940B7C320094DB30086A06A /* PBXContainerItemProxy */;
		};
		6940B7CF20094DB30086A06A /* PBXTargetDependency */ = {
			isa = PBXTargetDependency;
			target = 6940B7AD20094DB30086A06A /* d04 */;
			targetProxy = 6940B7CE20094DB30086A06A /* PBXContainerItemProxy */;
		};
/* End PBXTargetDependency section */

/* Begin PBXVariantGroup section */
		6940B7B520094DB30086A06A /* Main.storyboard */ = {
			isa = PBXVariantGroup;
			children = (
				6940B7B620094DB30086A06A /* Base */,
			);
			name = Main.storyboard;
			sourceTree = "<group>";
		};
		6940B7BA20094DB30086A06A /* LaunchScreen.storyboard */ = {
			isa = PBXVariantGroup;
			children = (
				6940B7BB20094DB30086A06A /* Base */,
			);
			name = LaunchScreen.storyboard;
			sourceTree = "<group>";
		};
/* End PBXVariantGroup section */

/* Begin XCBuildConfiguration section */
		6940B7D420094DB30086A06A /* Debug */ = {
			isa = XCBuildConfiguration;
			buildSettings = {
				ALWAYS_SEARCH_USER_PATHS = NO;
				CLANG_ANALYZER_NONNULL = YES;
				CLANG_ANALYZER_NUMBER_OBJECT_CONVERSION = YES_AGGRESSIVE;
				CLANG_CXX_LANGUAGE_STANDARD = "gnu++14";
				CLANG_CXX_LIBRARY = "libc++";
				CLANG_ENABLE_MODULES = YES;
				CLANG_ENABLE_OBJC_ARC = YES;
				CLANG_WARN_BLOCK_CAPTURE_AUTORELEASING = YES;
				CLANG_WARN_BOOL_CONVERSION = YES;
				CLANG_WARN_COMMA = YES;
				CLANG_WARN_CONSTANT_CONVERSION = YES;
				CLANG_WARN_DIRECT_OBJC_ISA_USAGE = YES_ERROR;
				CLANG_WARN_DOCUMENTATION_COMMENTS = YES;
				CLANG_WARN_EMPTY_BODY = YES;
				CLANG_WARN_ENUM_CONVERSION = YES;
				CLANG_WARN_INFINITE_RECURSION = YES;
				CLANG_WARN_INT_CONVERSION = YES;
				CLANG_WARN_NON_LITERAL_NULL_CONVERSION = YES;
				CLANG_WARN_OBJC_LITERAL_CONVERSION = YES;
				CLANG_WARN_OBJC_ROOT_CLASS = YES_ERROR;
				CLANG_WARN_RANGE_LOOP_ANALYSIS = YES;
				CLANG_WARN_STRICT_PROTOTYPES = YES;
				CLANG_WARN_SUSPICIOUS_MOVE = YES;
				CLANG_WARN_UNGUARDED_AVAILABILITY = YES_AGGRESSIVE;
				CLANG_WARN_UNREACHABLE_CODE = YES;
				CLANG_WARN__DUPLICATE_METHOD_MATCH = YES;
				CODE_SIGN_IDENTITY = "iPhone Developer";
				COPY_PHASE_STRIP = NO;
				DEBUG_INFORMATION_FORMAT = dwarf;
				ENABLE_STRICT_OBJC_MSGSEND = YES;
				ENABLE_TESTABILITY = YES;
				GCC_C_LANGUAGE_STANDARD = gnu11;
				GCC_DYNAMIC_NO_PIC = NO;
				GCC_NO_COMMON_BLOCKS = YES;
				GCC_OPTIMIZATION_LEVEL = 0;
				GCC_PREPROCESSOR_DEFINITIONS = (
					"DEBUG=1",
					"$(inherited)",
				);
				GCC_WARN_64_TO_32_BIT_CONVERSION = YES;
				GCC_WARN_ABOUT_RETURN_TYPE = YES_ERROR;
				GCC_WARN_UNDECLARED_SELECTOR = YES;
				GCC_WARN_UNINITIALIZED_AUTOS = YES_AGGRESSIVE;
				GCC_WARN_UNUSED_FUNCTION = YES;
				GCC_WARN_UNUSED_VARIABLE = YES;
				IPHONEOS_DEPLOYMENT_TARGET = 11.1;
				MTL_ENABLE_DEBUG_INFO = YES;
				ONLY_ACTIVE_ARCH = YES;
				SDKROOT = iphoneos;
				SWIFT_ACTIVE_COMPILATION_CONDITIONS = DEBUG;
				SWIFT_OPTIMIZATION_LEVEL = "-Onone";
			};
			name = Debug;
		};
		6940B7D520094DB30086A06A /* Release */ = {
			isa = XCBuildConfiguration;
			buildSettings = {
				ALWAYS_SEARCH_USER_PATHS = NO;
				CLANG_ANALYZER_NONNULL = YES;
				CLANG_ANALYZER_NUMBER_OBJECT_CONVERSION = YES_AGGRESSIVE;
				CLANG_CXX_LANGUAGE_STANDARD = "gnu++14";
				CLANG_CXX_LIBRARY = "libc++";
				CLANG_ENABLE_MODULES = YES;
				CLANG_ENABLE_OBJC_ARC = YES;
				CLANG_WARN_BLOCK_CAPTURE_AUTORELEASING = YES;
				CLANG_WARN_BOOL_CONVERSION = YES;
				CLANG_WARN_COMMA = YES;
				CLANG_WARN_CONSTANT_CONVERSION = YES;
				CLANG_WARN_DIRECT_OBJC_ISA_USAGE = YES_ERROR;
				CLANG_WARN_DOCUMENTATION_COMMENTS = YES;
				CLANG_WARN_EMPTY_BODY = YES;
				CLANG_WARN_ENUM_CONVERSION = YES;
				CLANG_WARN_INFINITE_RECURSION = YES;
				CLANG_WARN_INT_CONVERSION = YES;
				CLANG_WARN_NON_LITERAL_NULL_CONVERSION = YES;
				CLANG_WARN_OBJC_LITERAL_CONVERSION = YES;
				CLANG_WARN_OBJC_ROOT_CLASS = YES_ERROR;
				CLANG_WARN_RANGE_LOOP_ANALYSIS = YES;
				CLANG_WARN_STRICT_PROTOTYPES = YES;
				CLANG_WARN_SUSPICIOUS_MOVE = YES;
				CLANG_WARN_UNGUARDED_AVAILABILITY = YES_AGGRESSIVE;
				CLANG_WARN_UNREACHABLE_CODE = YES;
				CLANG_WARN__DUPLICATE_METHOD_MATCH = YES;
				CODE_SIGN_IDENTITY = "iPhone Developer";
				COPY_PHASE_STRIP = NO;
				DEBUG_INFORMATION_FORMAT = "dwarf-with-dsym";
				ENABLE_NS_ASSERTIONS = NO;
				ENABLE_STRICT_OBJC_MSGSEND = YES;
				GCC_C_LANGUAGE_STANDARD = gnu11;
				GCC_NO_COMMON_BLOCKS = YES;
				GCC_WARN_64_TO_32_BIT_CONVERSION = YES;
				GCC_WARN_ABOUT_RETURN_TYPE = YES_ERROR;
				GCC_WARN_UNDECLARED_SELECTOR = YES;
				GCC_WARN_UNINITIALIZED_AUTOS = YES_AGGRESSIVE;
				GCC_WARN_UNUSED_FUNCTION = YES;
				GCC_WARN_UNUSED_VARIABLE = YES;
				IPHONEOS_DEPLOYMENT_TARGET = 11.1;
				MTL_ENABLE_DEBUG_INFO = NO;
				SDKROOT = iphoneos;
				SWIFT_OPTIMIZATION_LEVEL = "-Owholemodule";
				VALIDATE_PRODUCT = YES;
			};
			name = Release;
		};
		6940B7D720094DB30086A06A /* Debug */ = {
			isa = XCBuildConfiguration;
			buildSettings = {
				ASSETCATALOG_COMPILER_APPICON_NAME = AppIcon;
				CODE_SIGN_STYLE = Automatic;
				INFOPLIST_FILE = d04/Info.plist;
				LD_RUNPATH_SEARCH_PATHS = "$(inherited) @executable_path/Frameworks";
				PRODUCT_BUNDLE_IDENTIFIER = atoulous.d04;
				PRODUCT_NAME = "$(TARGET_NAME)";
				SWIFT_VERSION = 4.0;
				TARGETED_DEVICE_FAMILY = "1,2";
			};
			name = Debug;
		};
		6940B7D820094DB30086A06A /* Release */ = {
			isa = XCBuildConfiguration;
			buildSettings = {
				ASSETCATALOG_COMPILER_APPICON_NAME = AppIcon;
				CODE_SIGN_STYLE = Automatic;
				INFOPLIST_FILE = d04/Info.plist;
				LD_RUNPATH_SEARCH_PATHS = "$(inherited) @executable_path/Frameworks";
				PRODUCT_BUNDLE_IDENTIFIER = atoulous.d04;
				PRODUCT_NAME = "$(TARGET_NAME)";
				SWIFT_VERSION = 4.0;
				TARGETED_DEVICE_FAMILY = "1,2";
			};
			name = Release;
		};
		6940B7DA20094DB30086A06A /* Debug */ = {
			isa = XCBuildConfiguration;
			buildSettings = {
				ALWAYS_EMBED_SWIFT_STANDARD_LIBRARIES = YES;
				BUNDLE_LOADER = "$(TEST_HOST)";
				CODE_SIGN_STYLE = Automatic;
				INFOPLIST_FILE = d04Tests/Info.plist;
				LD_RUNPATH_SEARCH_PATHS = "$(inherited) @executable_path/Frameworks @loader_path/Frameworks";
				PRODUCT_BUNDLE_IDENTIFIER = atoulous.d04Tests;
				PRODUCT_NAME = "$(TARGET_NAME)";
				SWIFT_VERSION = 4.0;
				TARGETED_DEVICE_FAMILY = "1,2";
				TEST_HOST = "$(BUILT_PRODUCTS_DIR)/d04.app/d04";
			};
			name = Debug;
		};
		6940B7DB20094DB30086A06A /* Release */ = {
			isa = XCBuildConfiguration;
			buildSettings = {
				ALWAYS_EMBED_SWIFT_STANDARD_LIBRARIES = YES;
				BUNDLE_LOADER = "$(TEST_HOST)";
				CODE_SIGN_STYLE = Automatic;
				INFOPLIST_FILE = d04Tests/Info.plist;
				LD_RUNPATH_SEARCH_PATHS = "$(inherited) @executable_path/Frameworks @loader_path/Frameworks";
				PRODUCT_BUNDLE_IDENTIFIER = atoulous.d04Tests;
				PRODUCT_NAME = "$(TARGET_NAME)";
				SWIFT_VERSION = 4.0;
				TARGETED_DEVICE_FAMILY = "1,2";
				TEST_HOST = "$(BUILT_PRODUCTS_DIR)/d04.app/d04";
			};
			name = Release;
		};
		6940B7DD20094DB30086A06A /* Debug */ = {
			isa = XCBuildConfiguration;
			buildSettings = {
				ALWAYS_EMBED_SWIFT_STANDARD_LIBRARIES = YES;
				CODE_SIGN_STYLE = Automatic;
				INFOPLIST_FILE = d04UITests/Info.plist;
				LD_RUNPATH_SEARCH_PATHS = "$(inherited) @executable_path/Frameworks @loader_path/Frameworks";
				PRODUCT_BUNDLE_IDENTIFIER = atoulous.d04UITests;
				PRODUCT_NAME = "$(TARGET_NAME)";
				SWIFT_VERSION = 4.0;
				TARGETED_DEVICE_FAMILY = "1,2";
				TEST_TARGET_NAME = d04;
			};
			name = Debug;
		};
		6940B7DE20094DB30086A06A /* Release */ = {
			isa = XCBuildConfiguration;
			buildSettings = {
				ALWAYS_EMBED_SWIFT_STANDARD_LIBRARIES = YES;
				CODE_SIGN_STYLE = Automatic;
				INFOPLIST_FILE = d04UITests/Info.plist;
				LD_RUNPATH_SEARCH_PATHS = "$(inherited) @executable_path/Frameworks @loader_path/Frameworks";
				PRODUCT_BUNDLE_IDENTIFIER = atoulous.d04UITests;
				PRODUCT_NAME = "$(TARGET_NAME)";
				SWIFT_VERSION = 4.0;
				TARGETED_DEVICE_FAMILY = "1,2";
				TEST_TARGET_NAME = d04;
			};
			name = Release;
		};
/* End XCBuildConfiguration section */

/* Begin XCConfigurationList section */
		6940B7A920094DB30086A06A /* Build configuration list for PBXProject "d04" */ = {
			isa = XCConfigurationList;
			buildConfigurations = (
				6940B7D420094DB30086A06A /* Debug */,
				6940B7D520094DB30086A06A /* Release */,
			);
			defaultConfigurationIsVisible = 0;
			defaultConfigurationName = Release;
		};
		6940B7D620094DB30086A06A /* Build configuration list for PBXNativeTarget "d04" */ = {
			isa = XCConfigurationList;
			buildConfigurations = (
				6940B7D720094DB30086A06A /* Debug */,
				6940B7D820094DB30086A06A /* Release */,
			);
			defaultConfigurationIsVisible = 0;
			defaultConfigurationName = Release;
		};
		6940B7D920094DB30086A06A /* Build configuration list for PBXNativeTarget "d04Tests" */ = {
			isa = XCConfigurationList;
			buildConfigurations = (
				6940B7DA20094DB30086A06A /* Debug */,
				6940B7DB20094DB30086A06A /* Release */,
			);
			defaultConfigurationIsVisible = 0;
			defaultConfigurationName = Release;
		};
		6940B7DC20094DB30086A06A /* Build configuration list for PBXNativeTarget "d04UITests" */ = {
			isa = XCConfigurationList;
			buildConfigurations = (
				6940B7DD20094DB30086A06A /* Debug */,
				6940B7DE20094DB30086A06A /* Release */,
			);
			defaultConfigurationIsVisible = 0;
			defaultConfigurationName = Release;
		};
/* End XCConfigurationList section */
	};
	rootObject = 6940B7A620094DB30086A06A /* Project object */;
}
